
Microsoft Visual Studio Solution File, Format Version 12.00
# Visual Studio 14
VisualStudioVersion = 14.0.24720.0
MinimumVisualStudioVersion = 10.0.40219.1
Project("{FAE04EC0-301F-11D3-BF4B-00C04F79EFBC}") = "Implicit Conversion Operations", "Implicit Conversion Operations\Implicit Conversion Operations.csproj", "{808D4256-B4FB-44F7-B1D0-1FECA9635EB5}"
EndProject
Global
	GlobalSection(SolutionConfigurationPlatforms) = preSolution
		Debug|Any CPU = Debug|Any CPU
		Release|Any CPU = Release|Any CPU
	EndGlobalSection
	GlobalSection(ProjectConfigurationPlatforms) = postSolution
		{808D4256-B4FB-44F7-B1D0-1FECA9635EB5}.Debug|Any CPU.ActiveCfg = Debug|Any CPU
		{808D4256-B4FB-44F7-B1D0-1FECA9635EB5}.Debug|Any CPU.Build.0 = Debug|Any CPU
		{808D4256-B4FB-44F7-B1D0-1FECA9635EB5}.Release|Any CPU.ActiveCfg = Release|Any CPU
		{808D4256-B4FB-44F7-B1D0-1FECA9635EB5}.Release|Any CPU.Build.0 = Release|Any CPU
	EndGlobalSection
	GlobalSection(SolutionProperties) = preSolution
		HideSolutionNode = FALSE
	EndGlobalSection
EndGlobal
